
Microsoft Visual Studio Solution File, Format Version 12.00
# Visual Studio Version 17
VisualStudioVersion = 17.8.34408.163
MinimumVisualStudioVersion = 10.0.40219.1
Project("{9A19103F-16F7-4668-BE54-9A1E7A4F7556}") = "CodeDesignBL", "CodeDesignBL\CodeDesignBL.csproj", "{CB46C112-CA69-4183-9FDC-0BD2C7A64399}"
EndProject
Project("{9A19103F-16F7-4668-BE54-9A1E7A4F7556}") = "CodeDesignCouchbase", "CodeDesignCouchbase\CodeDesignCouchbase.csproj", "{ED644BB9-37C1-4F85-AB3A-EC44A4F99FE4}"
EndProject
Project("{9A19103F-16F7-4668-BE54-9A1E7A4F7556}") = "CodeDesignDtos", "CodeDesignDtos\CodeDesignDtos.csproj", "{1DFDAC0E-28C1-4697-A8F0-1950338BCE50}"
EndProject
Project("{9A19103F-16F7-4668-BE54-9A1E7A4F7556}") = "CodeDesignES", "CodeDesignES\CodeDesignES.csproj", "{A59A260B-803B-42FB-99D3-8BA89BEDDFA5}"
EndProject
Project("{9A19103F-16F7-4668-BE54-9A1E7A4F7556}") = "CodeDesignForm", "CodeDesignForm\CodeDesignForm.csproj", "{F91618A2-73EB-467D-9458-55967CD4F14C}"
EndProject
Project("{9A19103F-16F7-4668-BE54-9A1E7A4F7556}") = "CodeDesignModels", "CodeDesignModels\CodeDesignModels.csproj", "{0DC6017E-84AB-494F-A6B0-5F46EDD621C6}"
EndProject
Project("{9A19103F-16F7-4668-BE54-9A1E7A4F7556}") = "CodeDesignServices", "CodeDesignService\CodeDesignServices.csproj", "{5FB2203A-3CEA-4BDB-B142-14950AB6873C}"
EndProject
Project("{9A19103F-16F7-4668-BE54-9A1E7A4F7556}") = "CodeDesignSql", "CodeDesignSql\CodeDesignSql.csproj", "{7B80AC6D-6C4B-4CB8-8FCD-2364076398AC}"
EndProject
Project("{9A19103F-16F7-4668-BE54-9A1E7A4F7556}") = "CodeDesignWeb", "CodeDesignWeb\CodeDesignWeb.csproj", "{116A9EC1-D863-4C09-BB36-14F5D18A5039}"
EndProject
Project("{9A19103F-16F7-4668-BE54-9A1E7A4F7556}") = "CodeDesignWebAPI", "CodeDesignWebAPI\CodeDesignWebAPI.csproj", "{C92017C8-7459-4693-8952-EF16ABDD61E7}"
EndProject
Project("{9A19103F-16F7-4668-BE54-9A1E7A4F7556}") = "CodeDesignUtilities", "CodeDesignUtils\CodeDesignUtilities.csproj", "{DE1047AE-38A0-49BE-B8DB-3379CAC1D868}"
EndProject
Project("{9A19103F-16F7-4668-BE54-9A1E7A4F7556}") = "CodeDesignKafka", "CodeDesign.Kafka\CodeDesignKafka.csproj", "{723EB19B-7678-4BAE-B20E-FF1A3F202253}"
EndProject
Project("{9A19103F-16F7-4668-BE54-9A1E7A4F7556}") = "CodeDesignAWS", "CodeDesign.AWS\CodeDesignAWS.csproj", "{1840283F-2D37-4327-A3E8-339A064D010B}"
EndProject
Project("{9A19103F-16F7-4668-BE54-9A1E7A4F7556}") = "CodeDesignGoogleService", "CodeDesign.GoogleService\CodeDesignGoogleService.csproj", "{82A03B54-C175-4526-B6FA-0F7ADF9E155D}"
EndProject
Project("{FAE04EC0-301F-11D3-BF4B-00C04F79EFBC}") = "ToolTest", "ToolTest\ToolTest.csproj", "{F0AC3BC3-2BE9-4233-A9B3-C6FA1E21966A}"
EndProject
Global
	GlobalSection(SolutionConfigurationPlatforms) = preSolution
		Debug|Any CPU = Debug|Any CPU
		Release|Any CPU = Release|Any CPU
	EndGlobalSection
	GlobalSection(ProjectConfigurationPlatforms) = postSolution
		{CB46C112-CA69-4183-9FDC-0BD2C7A64399}.Debug|Any CPU.ActiveCfg = Debug|Any CPU
		{CB46C112-CA69-4183-9FDC-0BD2C7A64399}.Debug|Any CPU.Build.0 = Debug|Any CPU
		{CB46C112-CA69-4183-9FDC-0BD2C7A64399}.Release|Any CPU.ActiveCfg = Release|Any CPU
		{CB46C112-CA69-4183-9FDC-0BD2C7A64399}.Release|Any CPU.Build.0 = Release|Any CPU
		{ED644BB9-37C1-4F85-AB3A-EC44A4F99FE4}.Debug|Any CPU.ActiveCfg = Debug|Any CPU
		{ED644BB9-37C1-4F85-AB3A-EC44A4F99FE4}.Debug|Any CPU.Build.0 = Debug|Any CPU
		{ED644BB9-37C1-4F85-AB3A-EC44A4F99FE4}.Release|Any CPU.ActiveCfg = Release|Any CPU
		{ED644BB9-37C1-4F85-AB3A-EC44A4F99FE4}.Release|Any CPU.Build.0 = Release|Any CPU
		{1DFDAC0E-28C1-4697-A8F0-1950338BCE50}.Debug|Any CPU.ActiveCfg = Debug|Any CPU
		{1DFDAC0E-28C1-4697-A8F0-1950338BCE50}.Debug|Any CPU.Build.0 = Debug|Any CPU
		{1DFDAC0E-28C1-4697-A8F0-1950338BCE50}.Release|Any CPU.ActiveCfg = Release|Any CPU
		{1DFDAC0E-28C1-4697-A8F0-1950338BCE50}.Release|Any CPU.Build.0 = Release|Any CPU
		{A59A260B-803B-42FB-99D3-8BA89BEDDFA5}.Debug|Any CPU.ActiveCfg = Debug|Any CPU
		{A59A260B-803B-42FB-99D3-8BA89BEDDFA5}.Debug|Any CPU.Build.0 = Debug|Any CPU
		{A59A260B-803B-42FB-99D3-8BA89BEDDFA5}.Release|Any CPU.ActiveCfg = Release|Any CPU
		{A59A260B-803B-42FB-99D3-8BA89BEDDFA5}.Release|Any CPU.Build.0 = Release|Any CPU
		{F91618A2-73EB-467D-9458-55967CD4F14C}.Debug|Any CPU.ActiveCfg = Debug|Any CPU
		{F91618A2-73EB-467D-9458-55967CD4F14C}.Debug|Any CPU.Build.0 = Debug|Any CPU
		{F91618A2-73EB-467D-9458-55967CD4F14C}.Release|Any CPU.ActiveCfg = Release|Any CPU
		{F91618A2-73EB-467D-9458-55967CD4F14C}.Release|Any CPU.Build.0 = Release|Any CPU
		{0DC6017E-84AB-494F-A6B0-5F46EDD621C6}.Debug|Any CPU.ActiveCfg = Debug|Any CPU
		{0DC6017E-84AB-494F-A6B0-5F46EDD621C6}.Debug|Any CPU.Build.0 = Debug|Any CPU
		{0DC6017E-84AB-494F-A6B0-5F46EDD621C6}.Release|Any CPU.ActiveCfg = Release|Any CPU
		{0DC6017E-84AB-494F-A6B0-5F46EDD621C6}.Release|Any CPU.Build.0 = Release|Any CPU
		{5FB2203A-3CEA-4BDB-B142-14950AB6873C}.Debug|Any CPU.ActiveCfg = Debug|Any CPU
		{5FB2203A-3CEA-4BDB-B142-14950AB6873C}.Debug|Any CPU.Build.0 = Debug|Any CPU
		{5FB2203A-3CEA-4BDB-B142-14950AB6873C}.Release|Any CPU.ActiveCfg = Release|Any CPU
		{5FB2203A-3CEA-4BDB-B142-14950AB6873C}.Release|Any CPU.Build.0 = Release|Any CPU
		{7B80AC6D-6C4B-4CB8-8FCD-2364076398AC}.Debug|Any CPU.ActiveCfg = Debug|Any CPU
		{7B80AC6D-6C4B-4CB8-8FCD-2364076398AC}.Debug|Any CPU.Build.0 = Debug|Any CPU
		{7B80AC6D-6C4B-4CB8-8FCD-2364076398AC}.Release|Any CPU.ActiveCfg = Release|Any CPU
		{7B80AC6D-6C4B-4CB8-8FCD-2364076398AC}.Release|Any CPU.Build.0 = Release|Any CPU
		{116A9EC1-D863-4C09-BB36-14F5D18A5039}.Debug|Any CPU.ActiveCfg = Debug|Any CPU
		{116A9EC1-D863-4C09-BB36-14F5D18A5039}.Debug|Any CPU.Build.0 = Debug|Any CPU
		{116A9EC1-D863-4C09-BB36-14F5D18A5039}.Release|Any CPU.ActiveCfg = Release|Any CPU
		{116A9EC1-D863-4C09-BB36-14F5D18A5039}.Release|Any CPU.Build.0 = Release|Any CPU
		{C92017C8-7459-4693-8952-EF16ABDD61E7}.Debug|Any CPU.ActiveCfg = Debug|Any CPU
		{C92017C8-7459-4693-8952-EF16ABDD61E7}.Debug|Any CPU.Build.0 = Debug|Any CPU
		{C92017C8-7459-4693-8952-EF16ABDD61E7}.Release|Any CPU.ActiveCfg = Release|Any CPU
		{C92017C8-7459-4693-8952-EF16ABDD61E7}.Release|Any CPU.Build.0 = Release|Any CPU
		{DE1047AE-38A0-49BE-B8DB-3379CAC1D868}.Debug|Any CPU.ActiveCfg = Debug|Any CPU
		{DE1047AE-38A0-49BE-B8DB-3379CAC1D868}.Debug|Any CPU.Build.0 = Debug|Any CPU
		{DE1047AE-38A0-49BE-B8DB-3379CAC1D868}.Release|Any CPU.ActiveCfg = Release|Any CPU
		{DE1047AE-38A0-49BE-B8DB-3379CAC1D868}.Release|Any CPU.Build.0 = Release|Any CPU
		{723EB19B-7678-4BAE-B20E-FF1A3F202253}.Debug|Any CPU.ActiveCfg = Debug|Any CPU
		{723EB19B-7678-4BAE-B20E-FF1A3F202253}.Debug|Any CPU.Build.0 = Debug|Any CPU
		{723EB19B-7678-4BAE-B20E-FF1A3F202253}.Release|Any CPU.ActiveCfg = Release|Any CPU
		{723EB19B-7678-4BAE-B20E-FF1A3F202253}.Release|Any CPU.Build.0 = Release|Any CPU
		{1840283F-2D37-4327-A3E8-339A064D010B}.Debug|Any CPU.ActiveCfg = Debug|Any CPU
		{1840283F-2D37-4327-A3E8-339A064D010B}.Debug|Any CPU.Build.0 = Debug|Any CPU
		{1840283F-2D37-4327-A3E8-339A064D010B}.Release|Any CPU.ActiveCfg = Release|Any CPU
		{1840283F-2D37-4327-A3E8-339A064D010B}.Release|Any CPU.Build.0 = Release|Any CPU
		{82A03B54-C175-4526-B6FA-0F7ADF9E155D}.Debug|Any CPU.ActiveCfg = Debug|Any CPU
		{82A03B54-C175-4526-B6FA-0F7ADF9E155D}.Debug|Any CPU.Build.0 = Debug|Any CPU
		{82A03B54-C175-4526-B6FA-0F7ADF9E155D}.Release|Any CPU.ActiveCfg = Release|Any CPU
		{82A03B54-C175-4526-B6FA-0F7ADF9E155D}.Release|Any CPU.Build.0 = Release|Any CPU
		{F0AC3BC3-2BE9-4233-A9B3-C6FA1E21966A}.Debug|Any CPU.ActiveCfg = Debug|Any CPU
		{F0AC3BC3-2BE9-4233-A9B3-C6FA1E21966A}.Debug|Any CPU.Build.0 = Debug|Any CPU
		{F0AC3BC3-2BE9-4233-A9B3-C6FA1E21966A}.Release|Any CPU.ActiveCfg = Release|Any CPU
		{F0AC3BC3-2BE9-4233-A9B3-C6FA1E21966A}.Release|Any CPU.Build.0 = Release|Any CPU
	EndGlobalSection
	GlobalSection(SolutionProperties) = preSolution
		HideSolutionNode = FALSE
	EndGlobalSection
	GlobalSection(ExtensibilityGlobals) = postSolution
		SolutionGuid = {6F17BE38-4E79-411D-ACA6-A266614D6994}
	EndGlobalSection
EndGlobal
